PODS:
  - Alamofire (4.2.0)
  - KeychainSwift (7.0.0)
  - KMPlaceholderTextView (1.3.0)
  - SideMenu (2.0.7)

DEPENDENCIES:
  - Alamofire (~> 4.0)
  - KeychainSwift
  - KMPlaceholderTextView (~> 1.3.0)
  - SideMenu

SPEC CHECKSUMS:
  Alamofire: aa2e09d871c9160ac53c90e83c68064a94e3dfbe
  KeychainSwift: b6947435dd78cc442c64a84ae648dd0e871cf448
  KMPlaceholderTextView: 2bbcd19a273648a80a61e1e48f9743a24d8930e3
  SideMenu: c5d3c3bc855b96bc2059e0b1ec346ecb54e80447

PODFILE CHECKSUM: f920d7229749928e754b6bd1a4eec6aaf6d25de4

COCOAPODS: 1.2.0
